{
  "name": "ct-custom-background",
  "version": "1.2.0",
  "lockfileVersion": 3,
  "requires": true,
  "packages": {
    "": {
      "name": "ct-custom-background",
      "version": "1.2.0",
      "license": "MIT",
      "dependencies": {
        "@neodrag/vanilla": "2.3.1"
      }
    },
    "node_modules/@neodrag/vanilla": {
      "version": "2.3.1",
      "resolved": "https://registry.npmjs.org/@neodrag/vanilla/-/vanilla-2.3.1.tgz",
      "integrity": "sha512-VwFqjXrjNJXCYfUfbbxJgeyiQF3QCOovR21TH/mSy6muUx1mhfM3fMDWchaXNNKhP2nhs4gouzVE0RBJtIqd9Q==",
      "license": "MIT"
    }
  }
}
